
Microsoft Visual Studio Solution File, Format Version 12.00
# Visual Studio Version 16
VisualStudioVersion = 16.0.31321.278
MinimumVisualStudioVersion = 10.0.40219.1
Project("{FAE04EC0-301F-11D3-BF4B-00C04F79EFBC}") = "Stacks_Hamilton_Dakota", "Stacks_Hamilton_Dakota\Stacks_Hamilton_Dakota.csproj", "{9BC7515B-C215-45A2-A3BE-E64879251CD1}"
EndProject
Global
	GlobalSection(SolutionConfigurationPlatforms) = preSolution
		Debug|Any CPU = Debug|Any CPU
		Release|Any CPU = Release|Any CPU
	EndGlobalSection
	GlobalSection(ProjectConfigurationPlatforms) = postSolution
		{9BC7515B-C215-45A2-A3BE-E64879251CD1}.Debug|Any CPU.ActiveCfg = Debug|Any CPU
		{9BC7515B-C215-45A2-A3BE-E64879251CD1}.Debug|Any CPU.Build.0 = Debug|Any CPU
		{9BC7515B-C215-45A2-A3BE-E64879251CD1}.Release|Any CPU.ActiveCfg = Release|Any CPU
		{9BC7515B-C215-45A2-A3BE-E64879251CD1}.Release|Any CPU.Build.0 = Release|Any CPU
	EndGlobalSection
	GlobalSection(SolutionProperties) = preSolution
		HideSolutionNode = FALSE
	EndGlobalSection
	GlobalSection(ExtensibilityGlobals) = postSolution
		SolutionGuid = {170C82D5-744C-4C84-BD39-5D9A55110E1C}
	EndGlobalSection
EndGlobal
